# This file is automatically @generated by Cargo.
# It is not intended for manual editing.
version = 3

[[package]]
name = "paste"
version = "1.0.8"
source = "registry+https://github.com/rust-lang/crates.io-index"
checksum = "9423e2b32f7a043629287a536f21951e8c6a82482d0acb1eeebfc90bc2225b22"

[[package]]
name = "trees"
version = "0.1.0"
dependencies = [
 "paste",
]
